# Locked by: pip freeze (inside project .venv)
# Source list: requirements-dev.txt — edit that file, then regenerate this one:
#   pip install -r requirements-dev.txt && pip freeze > requirements-dev.lock
bandit==1.9.4
black==26.5.1
boolean.py==5.0
CacheControl==0.14.4
certifi==2026.7.22
charset-normalizer==3.5.1
click==8.5.0
coverage==7.16.1
cyclonedx-python-lib==11.12.0
defusedxml==0.7.1
filelock==4.0.3
flake8==7.4.1
idna==3.20
iniconfig==2.3.0
license-expression==30.4.4
markdown-it-py==4.2.0
mccabe==0.7.0
mdurl==0.1.2
msgpack==1.2.2
mypy_extensions==1.1.0
packageurl-python==0.17.6
packaging==26.3
pathspec==1.1.1
pip-requirements-parser==32.0.1
pip_api==0.0.35
pip_audit==2.10.1
platformdirs==4.11.15
pluggy==1.6.0
py-serializable==2.1.0
pycodestyle==2.15.0
pyflakes==4.0.0
Pygments==2.21.0
pyparsing==3.3.3
pytest==9.1.1
pytest-cov==7.1.0
pytokens==0.4.1
PyYAML==6.0.3
requests==2.34.2
rich==15.0.0
sortedcontainers==2.4.0
stevedore==5.9.1
tomli==2.4.1
tomli_w==1.2.0
urllib3==2.8.0
